// !$*UTF8*$!
{
	archiveVersion = 1;
	classes = {
	};
	objectVersion = 46;
	objects = {

/* Begin PBXBuildFile section */
		260FDE131A1D801A00B28326 /* msg_new.png in Resources */ = {isa = PBXBuildFile; fileRef = 260FDE0A1A1D801A00B28326 /* msg_new.png */; };
		260FDE141A1D801A00B28326 /* msg_new@2x.png in Resources */ = {isa = PBXBuildFile; fileRef = 260FDE0B1A1D801A00B28326 /* msg_new@2x.png */; };
		260FDE151A1D801A00B28326 /* msg_select_new.png in Resources */ = {isa = PBXBuildFile; fileRef = 260FDE0C1A1D801A00B28326 /* msg_select_new.png */; };
		260FDE161A1D801A00B28326 /* msg_select_new@2x.png in Resources */ = {isa = PBXBuildFile; fileRef = 260FDE0D1A1D801A00B28326 /* msg_select_new@2x.png */; };
		260FDE171A1D801A00B28326 /* scspxw.png in Resources */ = {isa = PBXBuildFile; fileRef = 260FDE0E1A1D801A00B28326 /* scspxw.png */; };
		260FDE181A1D801A00B28326 /* scspxw@2x.png in Resources */ = {isa = PBXBuildFile; fileRef = 260FDE0F1A1D801A00B28326 /* scspxw@2x.png */; };
		260FDE191A1D801A00B28326 /* sctpxw.png in Resources */ = {isa = PBXBuildFile; fileRef = 260FDE101A1D801A00B28326 /* sctpxw.png */; };
		260FDE1A1A1D801A00B28326 /* sctpxw@2x.png in Resources */ = {isa = PBXBuildFile; fileRef = 260FDE111A1D801A00B28326 /* sctpxw@2x.png */; };
		260FDE1B1A1D801A00B28326 /* selectImage.png in Resources */ = {isa = PBXBuildFile; fileRef = 260FDE121A1D801A00B28326 /* selectImage.png */; };
		260FDE201A1D80A700B28326 /* more_select_setting.png in Resources */ = {isa = PBXBuildFile; fileRef = 260FDE1C1A1D80A700B28326 /* more_select_setting.png */; };
		260FDE211A1D80A700B28326 /* more_select_setting@2x.png in Resources */ = {isa = PBXBuildFile; fileRef = 260FDE1D1A1D80A700B28326 /* more_select_setting@2x.png */; };
		260FDE221A1D80A700B28326 /* more_setting.png in Resources */ = {isa = PBXBuildFile; fileRef = 260FDE1E1A1D80A700B28326 /* more_setting.png */; };
		260FDE231A1D80A700B28326 /* more_setting@2x.png in Resources */ = {isa = PBXBuildFile; fileRef = 260FDE1F1A1D80A700B28326 /* more_setting@2x.png */; };
		260FDE281A1D812C00B28326 /* icon_cinema.png in Resources */ = {isa = PBXBuildFile; fileRef = 260FDE241A1D812C00B28326 /* icon_cinema.png */; };
		260FDE291A1D812C00B28326 /* icon_cinema@2x.png in Resources */ = {isa = PBXBuildFile; fileRef = 260FDE251A1D812C00B28326 /* icon_cinema@2x.png */; };
		260FDE2A1A1D812C00B28326 /* movie_cinema.png in Resources */ = {isa = PBXBuildFile; fileRef = 260FDE261A1D812C00B28326 /* movie_cinema.png */; };
		260FDE2B1A1D812C00B28326 /* movie_cinema@2x.png in Resources */ = {isa = PBXBuildFile; fileRef = 260FDE271A1D812C00B28326 /* movie_cinema@2x.png */; };
		260FDE391A1D816A00B28326 /* exchange_bg_home@2x.png in Resources */ = {isa = PBXBuildFile; fileRef = 260FDE2C1A1D816A00B28326 /* exchange_bg_home@2x.png */; };
		260FDE3A1A1D816A00B28326 /* indexBG_home@2x.png in Resources */ = {isa = PBXBuildFile; fileRef = 260FDE2D1A1D816A00B28326 /* indexBG_home@2x.png */; };
		260FDE3B1A1D816A00B28326 /* list_home.png in Resources */ = {isa = PBXBuildFile; fileRef = 260FDE2E1A1D816A00B28326 /* list_home.png */; };
		260FDE3C1A1D816A00B28326 /* list_home@2x.png in Resources */ = {isa = PBXBuildFile; fileRef = 260FDE2F1A1D816A00B28326 /* list_home@2x.png */; };
		260FDE3D1A1D816A00B28326 /* movie_home.png in Resources */ = {isa = PBXBuildFile; fileRef = 260FDE301A1D816A00B28326 /* movie_home.png */; };
		260FDE3E1A1D816A00B28326 /* movie_home@2x.png in Resources */ = {isa = PBXBuildFile; fileRef = 260FDE311A1D816A00B28326 /* movie_home@2x.png */; };
		260FDE3F1A1D816A00B28326 /* movie_select_home.png in Resources */ = {isa = PBXBuildFile; fileRef = 260FDE321A1D816A00B28326 /* movie_select_home.png */; };
		260FDE401A1D816A00B28326 /* movie_select_home@2x.png in Resources */ = {isa = PBXBuildFile; fileRef = 260FDE331A1D816A00B28326 /* movie_select_home@2x.png */; };
		260FDE411A1D816A00B28326 /* poster_home.png in Resources */ = {isa = PBXBuildFile; fileRef = 260FDE341A1D816A00B28326 /* poster_home.png */; };
		260FDE421A1D816A00B28326 /* poster_home@2x.png in Resources */ = {isa = PBXBuildFile; fileRef = 260FDE351A1D816A00B28326 /* poster_home@2x.png */; };
		260FDE431A1D816A00B28326 /* poster_title_home.png in Resources */ = {isa = PBXBuildFile; fileRef = 260FDE361A1D816A00B28326 /* poster_title_home.png */; };
		260FDE441A1D816A00B28326 /* poster_title_home@2x.png in Resources */ = {isa = PBXBuildFile; fileRef = 260FDE371A1D816A00B28326 /* poster_title_home@2x.png */; };
		260FDE451A1D816A00B28326 /* tableView_line_home@2x.png in Resources */ = {isa = PBXBuildFile; fileRef = 260FDE381A1D816A00B28326 /* tableView_line_home@2x.png */; };
		260FDE561A1D819800B28326 /* bg_main@2x.png in Resources */ = {isa = PBXBuildFile; fileRef = 260FDE461A1D819800B28326 /* bg_main@2x.png */; };
		260FDE571A1D819800B28326 /* Default-568h@2x.png in Resources */ = {isa = PBXBuildFile; fileRef = 260FDE471A1D819800B28326 /* Default-568h@2x.png */; };
		260FDE581A1D819800B28326 /* Default.png in Resources */ = {isa = PBXBuildFile; fileRef = 260FDE481A1D819800B28326 /* Default.png */; };
		260FDE591A1D819800B28326 /* Default@2x.png in Resources */ = {isa = PBXBuildFile; fileRef = 260FDE491A1D819800B28326 /* Default@2x.png */; };
		260FDE5A1A1D819800B28326 /* gray@2x.png in Resources */ = {isa = PBXBuildFile; fileRef = 260FDE4A1A1D819800B28326 /* gray@2x.png */; };
		260FDE5D1A1D819800B28326 /* nav_bg_all.png in Resources */ = {isa = PBXBuildFile; fileRef = 260FDE4D1A1D819800B28326 /* nav_bg_all.png */; };
		260FDE5E1A1D819800B28326 /* nav_bg_all@2x.png in Resources */ = {isa = PBXBuildFile; fileRef = 260FDE4E1A1D819800B28326 /* nav_bg_all@2x.png */; };
		260FDE5F1A1D819800B28326 /* selectTabbar_bg_all.png in Resources */ = {isa = PBXBuildFile; fileRef = 260FDE4F1A1D819800B28326 /* selectTabbar_bg_all.png */; };
		260FDE601A1D819800B28326 /* selectTabbar_bg_all@2x.png in Resources */ = {isa = PBXBuildFile; fileRef = 260FDE501A1D819800B28326 /* selectTabbar_bg_all@2x.png */; };
		260FDE611A1D819800B28326 /* selectTabbar_bg_all1.png in Resources */ = {isa = PBXBuildFile; fileRef = 260FDE511A1D819800B28326 /* selectTabbar_bg_all1.png */; };
		260FDE621A1D819800B28326 /* selectTabbar_bg_all1@2x.png in Resources */ = {isa = PBXBuildFile; fileRef = 260FDE521A1D819800B28326 /* selectTabbar_bg_all1@2x.png */; };
		260FDE631A1D819800B28326 /* tab_bg_all.png in Resources */ = {isa = PBXBuildFile; fileRef = 260FDE531A1D819800B28326 /* tab_bg_all.png */; };
		260FDE641A1D819800B28326 /* tab_bg_all@2x.png in Resources */ = {isa = PBXBuildFile; fileRef = 260FDE541A1D819800B28326 /* tab_bg_all@2x.png */; };
		260FDE651A1D819800B28326 /* yellow@2x.png in Resources */ = {isa = PBXBuildFile; fileRef = 260FDE551A1D819800B28326 /* yellow@2x.png */; };
		260FDE681A1D81B800B28326 /* star_top100@2x.png in Resources */ = {isa = PBXBuildFile; fileRef = 260FDE661A1D81B800B28326 /* star_top100@2x.png */; };
		260FDE691A1D81B800B28326 /* start_top100.png in Resources */ = {isa = PBXBuildFile; fileRef = 260FDE671A1D81B800B28326 /* start_top100.png */; };
		260FDE6C1A1D83FA00B28326 /* icon.png in Resources */ = {isa = PBXBuildFile; fileRef = 260FDE6A1A1D83FA00B28326 /* icon.png */; };
		260FDE6D1A1D83FA00B28326 /* icon@2x.png in Resources */ = {isa = PBXBuildFile; fileRef = 260FDE6B1A1D83FA00B28326 /* icon@2x.png */; };
		260FDE701A1D8B9500B28326 /* ItemView.m in Sources */ = {isa = PBXBuildFile; fileRef = 260FDE6F1A1D8B9500B28326 /* ItemView.m */; };
		262CF7A81A1C49D3000C51F2 /* main.m in Sources */ = {isa = PBXBuildFile; fileRef = 262CF7A71A1C49D3000C51F2 /* main.m */; };
		262CF7AB1A1C49D3000C51F2 /* AppDelegate.m in Sources */ = {isa = PBXBuildFile; fileRef = 262CF7AA1A1C49D3000C51F2 /* AppDelegate.m */; };
		262CF7AE1A1C49D3000C51F2 /* ViewController.m in Sources */ = {isa = PBXBuildFile; fileRef = 262CF7AD1A1C49D3000C51F2 /* ViewController.m */; };
		262CF7B11A1C49D3000C51F2 /* Main.storyboard in Resources */ = {isa = PBXBuildFile; fileRef = 262CF7AF1A1C49D3000C51F2 /* Main.storyboard */; };
		262CF7B31A1C49D3000C51F2 /* Images.xcassets in Resources */ = {isa = PBXBuildFile; fileRef = 262CF7B21A1C49D3000C51F2 /* Images.xcassets */; };
		262CF7B61A1C49D3000C51F2 /* LaunchScreen.xib in Resources */ = {isa = PBXBuildFile; fileRef = 262CF7B41A1C49D3000C51F2 /* LaunchScreen.xib */; };
		262CF8321A1C4DDD000C51F2 /* USAViewController.m in Sources */ = {isa = PBXBuildFile; fileRef = 262CF8311A1C4DDD000C51F2 /* USAViewController.m */; };
		262CF8351A1C4DF9000C51F2 /* TopViewController.m in Sources */ = {isa = PBXBuildFile; fileRef = 262CF8341A1C4DF9000C51F2 /* TopViewController.m */; };
		262CF8381A1C4E0F000C51F2 /* CinemaViewController.m in Sources */ = {isa = PBXBuildFile; fileRef = 262CF8371A1C4E0F000C51F2 /* CinemaViewController.m */; };
		262CF83B1A1C4E22000C51F2 /* NewsViewController.m in Sources */ = {isa = PBXBuildFile; fileRef = 262CF83A1A1C4E22000C51F2 /* NewsViewController.m */; };
		262CF83E1A1C4E3C000C51F2 /* MoreViewController.m in Sources */ = {isa = PBXBuildFile; fileRef = 262CF83D1A1C4E3C000C51F2 /* MoreViewController.m */; };
		262CF8411A1C5291000C51F2 /* MainViewController.m in Sources */ = {isa = PBXBuildFile; fileRef = 262CF8401A1C5291000C51F2 /* MainViewController.m */; };
		262CF8441A1C8C7A000C51F2 /* BaseNavigationController.m in Sources */ = {isa = PBXBuildFile; fileRef = 262CF8431A1C8C7A000C51F2 /* BaseNavigationController.m */; };
		262CF8491A1CB5E9000C51F2 /* UIViewExt.m in Sources */ = {isa = PBXBuildFile; fileRef = 262CF8481A1CB5E9000C51F2 /* UIViewExt.m */; };
		2671B3D21A36FAD100C0CE0B /* MovieModel.m in Sources */ = {isa = PBXBuildFile; fileRef = 2671B3D11A36FAD100C0CE0B /* MovieModel.m */; };
		26A6440F1A2EB87800E84C18 /* test.json in Resources */ = {isa = PBXBuildFile; fileRef = 26A6440E1A2EB87800E84C18 /* test.json */; };
		26A644131A2EBAFF00E84C18 /* NetworkService.m in Sources */ = {isa = PBXBuildFile; fileRef = 26A644121A2EBAFF00E84C18 /* NetworkService.m */; };
		26A644171A2EC58500E84C18 /* JSONKit.m in Sources */ = {isa = PBXBuildFile; fileRef = 26A644161A2EC58500E84C18 /* JSONKit.m */; settings = {COMPILER_FLAGS = "-fno-objc-arc"; }; };
		26A6441A1A2EF77100E84C18 /* NorthUSA.json in Resources */ = {isa = PBXBuildFile; fileRef = 26A644191A2EF77100E84C18 /* NorthUSA.json */; };
/* End PBXBuildFile section */

/* Begin PBXContainerItemProxy section */
		262CF7BC1A1C49D3000C51F2 /* PBXContainerItemProxy */ = {
			isa = PBXContainerItemProxy;
			containerPortal = 262CF79A1A1C49D3000C51F2 /* Project object */;
			proxyType = 1;
			remoteGlobalIDString = 262CF7A11A1C49D3000C51F2;
			remoteInfo = iMovieApp;
		};
/* End PBXContainerItemProxy section */

/* Begin PBXFileReference section */
		260FDE0A1A1D801A00B28326 /* msg_new.png */ = {isa = PBXFileReference; lastKnownFileType = image.png; path = msg_new.png; sourceTree = "<group>"; };
		260FDE0B1A1D801A00B28326 /* msg_new@2x.png */ = {isa = PBXFileReference; lastKnownFileType = image.png; path = "msg_new@2x.png"; sourceTree = "<group>"; };
		260FDE0C1A1D801A00B28326 /* msg_select_new.png */ = {isa = PBXFileReference; lastKnownFileType = image.png; path = msg_select_new.png; sourceTree = "<group>"; };
		260FDE0D1A1D801A00B28326 /* msg_select_new@2x.png */ = {isa = PBXFileReference; lastKnownFileType = image.png; path = "msg_select_new@2x.png"; sourceTree = "<group>"; };
		260FDE0E1A1D801A00B28326 /* scspxw.png */ = {isa = PBXFileReference; lastKnownFileType = image.png; path = scspxw.png; sourceTree = "<group>"; };
		260FDE0F1A1D801A00B28326 /* scspxw@2x.png */ = {isa = PBXFileReference; lastKnownFileType = image.png; path = "scspxw@2x.png"; sourceTree = "<group>"; };
		260FDE101A1D801A00B28326 /* sctpxw.png */ = {isa = PBXFileReference; lastKnownFileType = image.png; path = sctpxw.png; sourceTree = "<group>"; };
		260FDE111A1D801A00B28326 /* sctpxw@2x.png */ = {isa = PBXFileReference; lastKnownFileType = image.png; path = "sctpxw@2x.png"; sourceTree = "<group>"; };
		260FDE121A1D801A00B28326 /* selectImage.png */ = {isa = PBXFileReference; lastKnownFileType = image.png; path = selectImage.png; sourceTree = "<group>"; };
		260FDE1C1A1D80A700B28326 /* more_select_setting.png */ = {isa = PBXFileReference; lastKnownFileType = image.png; path = more_select_setting.png; sourceTree = "<group>"; };
		260FDE1D1A1D80A700B28326 /* more_select_setting@2x.png */ = {isa = PBXFileReference; lastKnownFileType = image.png; path = "more_select_setting@2x.png"; sourceTree = "<group>"; };
		260FDE1E1A1D80A700B28326 /* more_setting.png */ = {isa = PBXFileReference; lastKnownFileType = image.png; path = more_setting.png; sourceTree = "<group>"; };
		260FDE1F1A1D80A700B28326 /* more_setting@2x.png */ = {isa = PBXFileReference; lastKnownFileType = image.png; path = "more_setting@2x.png"; sourceTree = "<group>"; };
		260FDE241A1D812C00B28326 /* icon_cinema.png */ = {isa = PBXFileReference; lastKnownFileType = image.png; path = icon_cinema.png; sourceTree = "<group>"; };
		260FDE251A1D812C00B28326 /* icon_cinema@2x.png */ = {isa = PBXFileReference; lastKnownFileType = image.png; path = "icon_cinema@2x.png"; sourceTree = "<group>"; };
		260FDE261A1D812C00B28326 /* movie_cinema.png */ = {isa = PBXFileReference; lastKnownFileType = image.png; path = movie_cinema.png; sourceTree = "<group>"; };
		260FDE271A1D812C00B28326 /* movie_cinema@2x.png */ = {isa = PBXFileReference; lastKnownFileType = image.png; path = "movie_cinema@2x.png"; sourceTree = "<group>"; };
		260FDE2C1A1D816A00B28326 /* exchange_bg_home@2x.png */ = {isa = PBXFileReference; lastKnownFileType = image.png; path = "exchange_bg_home@2x.png"; sourceTree = "<group>"; };
		260FDE2D1A1D816A00B28326 /* indexBG_home@2x.png */ = {isa = PBXFileReference; lastKnownFileType = image.png; path = "indexBG_home@2x.png"; sourceTree = "<group>"; };
		260FDE2E1A1D816A00B28326 /* list_home.png */ = {isa = PBXFileReference; lastKnownFileType = image.png; path = list_home.png; sourceTree = "<group>"; };
		260FDE2F1A1D816A00B28326 /* list_home@2x.png */ = {isa = PBXFileReference; lastKnownFileType = image.png; path = "list_home@2x.png"; sourceTree = "<group>"; };
		260FDE301A1D816A00B28326 /* movie_home.png */ = {isa = PBXFileReference; lastKnownFileType = image.png; path = movie_home.png; sourceTree = "<group>"; };
		260FDE311A1D816A00B28326 /* movie_home@2x.png */ = {isa = PBXFileReference; lastKnownFileType = image.png; path = "movie_home@2x.png"; sourceTree = "<group>"; };
		260FDE321A1D816A00B28326 /* movie_select_home.png */ = {isa = PBXFileReference; lastKnownFileType = image.png; path = movie_select_home.png; sourceTree = "<group>"; };
		260FDE331A1D816A00B28326 /* movie_select_home@2x.png */ = {isa = PBXFileReference; lastKnownFileType = image.png; path = "movie_select_home@2x.png"; sourceTree = "<group>"; };
		260FDE341A1D816A00B28326 /* poster_home.png */ = {isa = PBXFileReference; lastKnownFileType = image.png; path = poster_home.png; sourceTree = "<group>"; };
		260FDE351A1D816A00B28326 /* poster_home@2x.png */ = {isa = PBXFileReference; lastKnownFileType = image.png; path = "poster_home@2x.png"; sourceTree = "<group>"; };
		260FDE361A1D816A00B28326 /* poster_title_home.png */ = {isa = PBXFileReference; lastKnownFileType = image.png; path = poster_title_home.png; sourceTree = "<group>"; };
		260FDE371A1D816A00B28326 /* poster_title_home@2x.png */ = {isa = PBXFileReference; lastKnownFileType = image.png; path = "poster_title_home@2x.png"; sourceTree = "<group>"; };
		260FDE381A1D816A00B28326 /* tableView_line_home@2x.png */ = {isa = PBXFileReference; lastKnownFileType = image.png; path = "tableView_line_home@2x.png"; sourceTree = "<group>"; };
		260FDE461A1D819800B28326 /* bg_main@2x.png */ = {isa = PBXFileReference; lastKnownFileType = image.png; path = "bg_main@2x.png"; sourceTree = "<group>"; };
		260FDE471A1D819800B28326 /* Default-568h@2x.png */ = {isa = PBXFileReference; lastKnownFileType = image.png; path = "Default-568h@2x.png"; sourceTree = "<group>"; };
		260FDE481A1D819800B28326 /* Default.png */ = {isa = PBXFileReference; lastKnownFileType = image.png; path = Default.png; sourceTree = "<group>"; };
		260FDE491A1D819800B28326 /* Default@2x.png */ = {isa = PBXFileReference; lastKnownFileType = image.png; path = "Default@2x.png"; sourceTree = "<group>"; };
		260FDE4A1A1D819800B28326 /* gray@2x.png */ = {isa = PBXFileReference; lastKnownFileType = image.png; path = "gray@2x.png"; sourceTree = "<group>"; };
		260FDE4D1A1D819800B28326 /* nav_bg_all.png */ = {isa = PBXFileReference; lastKnownFileType = image.png; path = nav_bg_all.png; sourceTree = "<group>"; };
		260FDE4E1A1D819800B28326 /* nav_bg_all@2x.png */ = {isa = PBXFileReference; lastKnownFileType = image.png; path = "nav_bg_all@2x.png"; sourceTree = "<group>"; };
		260FDE4F1A1D819800B28326 /* selectTabbar_bg_all.png */ = {isa = PBXFileReference; lastKnownFileType = image.png; path = selectTabbar_bg_all.png; sourceTree = "<group>"; };
		260FDE501A1D819800B28326 /* selectTabbar_bg_all@2x.png */ = {isa = PBXFileReference; lastKnownFileType = image.png; path = "selectTabbar_bg_all@2x.png"; sourceTree = "<group>"; };
		260FDE511A1D819800B28326 /* selectTabbar_bg_all1.png */ = {isa = PBXFileReference; lastKnownFileType = image.png; path = selectTabbar_bg_all1.png; sourceTree = "<group>"; };
		260FDE521A1D819800B28326 /* selectTabbar_bg_all1@2x.png */ = {isa = PBXFileReference; lastKnownFileType = image.png; path = "selectTabbar_bg_all1@2x.png"; sourceTree = "<group>"; };
		260FDE531A1D819800B28326 /* tab_bg_all.png */ = {isa = PBXFileReference; lastKnownFileType = image.png; path = tab_bg_all.png; sourceTree = "<group>"; };
		260FDE541A1D819800B28326 /* tab_bg_all@2x.png */ = {isa = PBXFileReference; lastKnownFileType = image.png; path = "tab_bg_all@2x.png"; sourceTree = "<group>"; };
		260FDE551A1D819800B28326 /* yellow@2x.png */ = {isa = PBXFileReference; lastKnownFileType = image.png; path = "yellow@2x.png"; sourceTree = "<group>"; };
		260FDE661A1D81B800B28326 /* star_top100@2x.png */ = {isa = PBXFileReference; lastKnownFileType = image.png; path = "star_top100@2x.png"; sourceTree = "<group>"; };
		260FDE671A1D81B800B28326 /* start_top100.png */ = {isa = PBXFileReference; lastKnownFileType = image.png; path = start_top100.png; sourceTree = "<group>"; };
		260FDE6A1A1D83FA00B28326 /* icon.png */ = {isa = PBXFileReference; lastKnownFileType = image.png; path = icon.png; sourceTree = "<group>"; };
		260FDE6B1A1D83FA00B28326 /* icon@2x.png */ = {isa = PBXFileReference; lastKnownFileType = image.png; path = "icon@2x.png"; sourceTree = "<group>"; };
		260FDE6E1A1D8B9500B28326 /* ItemView.h */ = {isa = PBXFileReference; fileEncoding = 4; lastKnownFileType = sourcecode.c.h; path = ItemView.h; sourceTree = "<group>"; };
		260FDE6F1A1D8B9500B28326 /* ItemView.m */ = {isa = PBXFileReference; fileEncoding = 4; lastKnownFileType = sourcecode.c.objc; path = ItemView.m; sourceTree = "<group>"; };
		262CF7A21A1C49D3000C51F2 /* iMovieApp.app */ = {isa = PBXFileReference; explicitFileType = wrapper.application; includeInIndex = 0; path = iMovieApp.app; sourceTree = BUILT_PRODUCTS_DIR; };
		262CF7A61A1C49D3000C51F2 /* Info.plist */ = {isa = PBXFileReference; lastKnownFileType = text.plist.xml; path = Info.plist; sourceTree = "<group>"; };
		262CF7A71A1C49D3000C51F2 /* main.m */ = {isa = PBXFileReference; lastKnownFileType = sourcecode.c.objc; path = main.m; sourceTree = "<group>"; };
		262CF7A91A1C49D3000C51F2 /* AppDelegate.h */ = {isa = PBXFileReference; lastKnownFileType = sourcecode.c.h; path = AppDelegate.h; sourceTree = "<group>"; };
		262CF7AA1A1C49D3000C51F2 /* AppDelegate.m */ = {isa = PBXFileReference; lastKnownFileType = sourcecode.c.objc; path = AppDelegate.m; sourceTree = "<group>"; };
		262CF7AC1A1C49D3000C51F2 /* ViewController.h */ = {isa = PBXFileReference; lastKnownFileType = sourcecode.c.h; path = ViewController.h; sourceTree = "<group>"; };
		262CF7AD1A1C49D3000C51F2 /* ViewController.m */ = {isa = PBXFileReference; lastKnownFileType = sourcecode.c.objc; path = ViewController.m; sourceTree = "<group>"; };
		262CF7B01A1C49D3000C51F2 /* Base */ = {isa = PBXFileReference; lastKnownFileType = file.storyboard; name = Base; path = Base.lproj/Main.storyboard; sourceTree = "<group>"; };
		262CF7B21A1C49D3000C51F2 /* Images.xcassets */ = {isa = PBXFileReference; lastKnownFileType = folder.assetcatalog; path = Images.xcassets; sourceTree = "<group>"; };
		262CF7B51A1C49D3000C51F2 /* Base */ = {isa = PBXFileReference; lastKnownFileType = file.xib; name = Base; path = Base.lproj/LaunchScreen.xib; sourceTree = "<group>"; };
		262CF7BB1A1C49D3000C51F2 /* iMovieAppTests.xctest */ = {isa = PBXFileReference; explicitFileType = wrapper.cfbundle; includeInIndex = 0; path = iMovieAppTests.xctest; sourceTree = BUILT_PRODUCTS_DIR; };
		262CF7C01A1C49D3000C51F2 /* Info.plist */ = {isa = PBXFileReference; lastKnownFileType = text.plist.xml; path = Info.plist; sourceTree = "<group>"; };
		262CF7C11A1C49D3000C51F2 /* iMovieAppTests.m */ = {isa = PBXFileReference; lastKnownFileType = sourcecode.c.objc; path = iMovieAppTests.m; sourceTree = "<group>"; };
		262CF8301A1C4DDD000C51F2 /* USAViewController.h */ = {isa = PBXFileReference; fileEncoding = 4; lastKnownFileType = sourcecode.c.h; path = USAViewController.h; sourceTree = "<group>"; };
		262CF8311A1C4DDD000C51F2 /* USAViewController.m */ = {isa = PBXFileReference; fileEncoding = 4; lastKnownFileType = sourcecode.c.objc; path = USAViewController.m; sourceTree = "<group>"; };
		262CF8331A1C4DF9000C51F2 /* TopViewController.h */ = {isa = PBXFileReference; fileEncoding = 4; lastKnownFileType = sourcecode.c.h; path = TopViewController.h; sourceTree = "<group>"; };
		262CF8341A1C4DF9000C51F2 /* TopViewController.m */ = {isa = PBXFileReference; fileEncoding = 4; lastKnownFileType = sourcecode.c.objc; path = TopViewController.m; sourceTree = "<group>"; };
		262CF8361A1C4E0F000C51F2 /* CinemaViewController.h */ = {isa = PBXFileReference; fileEncoding = 4; lastKnownFileType = sourcecode.c.h; path = CinemaViewController.h; sourceTree = "<group>"; };
		262CF8371A1C4E0F000C51F2 /* CinemaViewController.m */ = {isa = PBXFileReference; fileEncoding = 4; lastKnownFileType = sourcecode.c.objc; path = CinemaViewController.m; sourceTree = "<group>"; };
		262CF8391A1C4E22000C51F2 /* NewsViewController.h */ = {isa = PBXFileReference; fileEncoding = 4; lastKnownFileType = sourcecode.c.h; path = NewsViewController.h; sourceTree = "<group>"; };
		262CF83A1A1C4E22000C51F2 /* NewsViewController.m */ = {isa = PBXFileReference; fileEncoding = 4; lastKnownFileType = sourcecode.c.objc; path = NewsViewController.m; sourceTree = "<group>"; };
		262CF83C1A1C4E3C000C51F2 /* MoreViewController.h */ = {isa = PBXFileReference; fileEncoding = 4; lastKnownFileType = sourcecode.c.h; path = MoreViewController.h; sourceTree = "<group>"; };
		262CF83D1A1C4E3C000C51F2 /* MoreViewController.m */ = {isa = PBXFileReference; fileEncoding = 4; lastKnownFileType = sourcecode.c.objc; path = MoreViewController.m; sourceTree = "<group>"; };
		262CF83F1A1C5291000C51F2 /* MainViewController.h */ = {isa = PBXFileReference; fileEncoding = 4; lastKnownFileType = sourcecode.c.h; path = MainViewController.h; sourceTree = "<group>"; };
		262CF8401A1C5291000C51F2 /* MainViewController.m */ = {isa = PBXFileReference; fileEncoding = 4; lastKnownFileType = sourcecode.c.objc; path = MainViewController.m; sourceTree = "<group>"; };
		262CF8421A1C8C7A000C51F2 /* BaseNavigationController.h */ = {isa = PBXFileReference; fileEncoding = 4; lastKnownFileType = sourcecode.c.h; path = BaseNavigationController.h; sourceTree = "<group>"; };
		262CF8431A1C8C7A000C51F2 /* BaseNavigationController.m */ = {isa = PBXFileReference; fileEncoding = 4; lastKnownFileType = sourcecode.c.objc; path = BaseNavigationController.m; sourceTree = "<group>"; };
		262CF8471A1CB5E9000C51F2 /* UIViewExt.h */ = {isa = PBXFileReference; fileEncoding = 4; lastKnownFileType = sourcecode.c.h; name = UIViewExt.h; path = "../../../电影项目课件和代码/02 第二天/WXMovie/WXMovie/UIViewExt.h"; sourceTree = "<group>"; };
		262CF8481A1CB5E9000C51F2 /* UIViewExt.m */ = {isa = PBXFileReference; fileEncoding = 4; lastKnownFileType = sourcecode.c.objc; name = UIViewExt.m; path = "../../../电影项目课件和代码/02 第二天/WXMovie/WXMovie/UIViewExt.m"; sourceTree = "<group>"; };
		2671B3D01A36FAD100C0CE0B /* MovieModel.h */ = {isa = PBXFileReference; fileEncoding = 4; lastKnownFileType = sourcecode.c.h; path = MovieModel.h; sourceTree = "<group>"; };
		2671B3D11A36FAD100C0CE0B /* MovieModel.m */ = {isa = PBXFileReference; fileEncoding = 4; lastKnownFileType = sourcecode.c.objc; path = MovieModel.m; sourceTree = "<group>"; };
		26A6440E1A2EB87800E84C18 /* test.json */ = {isa = PBXFileReference; fileEncoding = 4; lastKnownFileType = text.json; path = test.json; sourceTree = "<group>"; };
		26A644111A2EBAFF00E84C18 /* NetworkService.h */ = {isa = PBXFileReference; fileEncoding = 4; lastKnownFileType = sourcecode.c.h; path = NetworkService.h; sourceTree = "<group>"; };
		26A644121A2EBAFF00E84C18 /* NetworkService.m */ = {isa = PBXFileReference; fileEncoding = 4; lastKnownFileType = sourcecode.c.objc; path = NetworkService.m; sourceTree = "<group>"; };
		26A644151A2EC58500E84C18 /* JSONKit.h */ = {isa = PBXFileReference; fileEncoding = 4; lastKnownFileType = sourcecode.c.h; path = JSONKit.h; sourceTree = "<group>"; };
		26A644161A2EC58500E84C18 /* JSONKit.m */ = {isa = PBXFileReference; fileEncoding = 4; lastKnownFileType = sourcecode.c.objc; path = JSONKit.m; sourceTree = "<group>"; };
		26A644191A2EF77100E84C18 /* NorthUSA.json */ = {isa = PBXFileReference; fileEncoding = 4; lastKnownFileType = text.json; path = NorthUSA.json; sourceTree = "<group>"; };
/* End PBXFileReference section */

/* Begin PBXFrameworksBuildPhase section */
		262CF79F1A1C49D3000C51F2 /* Frameworks */ = {
			isa = PBXFrameworksBuildPhase;
			buildActionMask = 2147483647;
			files = (
			);
			runOnlyForDeploymentPostprocessing = 0;
		};
		262CF7B81A1C49D3000C51F2 /* Frameworks */ = {
			isa = PBXFrameworksBuildPhase;
			buildActionMask = 2147483647;
			files = (
			);
			runOnlyForDeploymentPostprocessing = 0;
		};
/* End PBXFrameworksBuildPhase section */

/* Begin PBXGroup section */
		262CF7991A1C49D3000C51F2 = {
			isa = PBXGroup;
			children = (
				262CF7A41A1C49D3000C51F2 /* iMovieApp */,
				262CF7BE1A1C49D3000C51F2 /* iMovieAppTests */,
				262CF7A31A1C49D3000C51F2 /* Products */,
			);
			sourceTree = "<group>";
		};
		262CF7A31A1C49D3000C51F2 /* Products */ = {
			isa = PBXGroup;
			children = (
				262CF7A21A1C49D3000C51F2 /* iMovieApp.app */,
				262CF7BB1A1C49D3000C51F2 /* iMovieAppTests.xctest */,
			);
			name = Products;
			sourceTree = "<group>";
		};
		262CF7A41A1C49D3000C51F2 /* iMovieApp */ = {
			isa = PBXGroup;
			children = (
				2671B3CF1A36FA9300C0CE0B /* Model */,
				262CF7D21A1C4BCF000C51F2 /* More */,
				262CF7D51A1C4C01000C51F2 /* Cinema */,
				262CF7D41A1C4BE0000C51F2 /* Top */,
				262CF7D61A1C4C44000C51F2 /* News */,
				262CF7D31A1C4BD5000C51F2 /* USA */,
				262CF7A91A1C49D3000C51F2 /* AppDelegate.h */,
				262CF7AA1A1C49D3000C51F2 /* AppDelegate.m */,
				262CF83F1A1C5291000C51F2 /* MainViewController.h */,
				262CF8401A1C5291000C51F2 /* MainViewController.m */,
				260FDE6E1A1D8B9500B28326 /* ItemView.h */,
				260FDE6F1A1D8B9500B28326 /* ItemView.m */,
				262CF8421A1C8C7A000C51F2 /* BaseNavigationController.h */,
				262CF8431A1C8C7A000C51F2 /* BaseNavigationController.m */,
				262CF7AC1A1C49D3000C51F2 /* ViewController.h */,
				262CF7AD1A1C49D3000C51F2 /* ViewController.m */,
				262CF7AF1A1C49D3000C51F2 /* Main.storyboard */,
				262CF7B21A1C49D3000C51F2 /* Images.xcassets */,
				262CF7B41A1C49D3000C51F2 /* LaunchScreen.xib */,
				262CF7A51A1C49D3000C51F2 /* Supporting Files */,
			);
			path = iMovieApp;
			sourceTree = "<group>";
		};
		262CF7A51A1C49D3000C51F2 /* Supporting Files */ = {
			isa = PBXGroup;
			children = (
				26A644141A2EC52E00E84C18 /* openSource */,
				26A644101A2EBA9500E84C18 /* network */,
				26A644081A2EB7B900E84C18 /* data */,
				262CF8461A1CB590000C51F2 /* util */,
				262CF7CB1A1C4B1F000C51F2 /* image */,
				262CF7A61A1C49D3000C51F2 /* Info.plist */,
				262CF7A71A1C49D3000C51F2 /* main.m */,
			);
			name = "Supporting Files";
			sourceTree = "<group>";
		};
		262CF7BE1A1C49D3000C51F2 /* iMovieAppTests */ = {
			isa = PBXGroup;
			children = (
				262CF7C11A1C49D3000C51F2 /* iMovieAppTests.m */,
				262CF7BF1A1C49D3000C51F2 /* Supporting Files */,
			);
			path = iMovieAppTests;
			sourceTree = "<group>";
		};
		262CF7BF1A1C49D3000C51F2 /* Supporting Files */ = {
			isa = PBXGroup;
			children = (
				262CF7C01A1C49D3000C51F2 /* Info.plist */,
			);
			name = "Supporting Files";
			sourceTree = "<group>";
		};
		262CF7CB1A1C4B1F000C51F2 /* image */ = {
			isa = PBXGroup;
			children = (
				262CF7D11A1C4BA8000C51F2 /* 新闻 */,
				262CF7D01A1C4B8C000C51F2 /* 更多 */,
				262CF7CF1A1C4B84000C51F2 /* 电影 */,
				262CF7CE1A1C4B7C000C51F2 /* 首页 */,
				262CF7CD1A1C4B6F000C51F2 /* 全局 */,
				262CF7CC1A1C4B5B000C51F2 /* top100 */,
			);
			name = image;
			sourceTree = "<group>";
		};
		262CF7CC1A1C4B5B000C51F2 /* top100 */ = {
			isa = PBXGroup;
			children = (
				260FDE661A1D81B800B28326 /* star_top100@2x.png */,
				260FDE671A1D81B800B28326 /* start_top100.png */,
			);
			name = top100;
			sourceTree = "<group>";
		};
		262CF7CD1A1C4B6F000C51F2 /* 全局 */ = {
			isa = PBXGroup;
			children = (
				260FDE6A1A1D83FA00B28326 /* icon.png */,
				260FDE6B1A1D83FA00B28326 /* icon@2x.png */,
				260FDE461A1D819800B28326 /* bg_main@2x.png */,
				260FDE471A1D819800B28326 /* Default-568h@2x.png */,
				260FDE481A1D819800B28326 /* Default.png */,
				260FDE491A1D819800B28326 /* Default@2x.png */,
				260FDE4A1A1D819800B28326 /* gray@2x.png */,
				260FDE4D1A1D819800B28326 /* nav_bg_all.png */,
				260FDE4E1A1D819800B28326 /* nav_bg_all@2x.png */,
				260FDE4F1A1D819800B28326 /* selectTabbar_bg_all.png */,
				260FDE501A1D819800B28326 /* selectTabbar_bg_all@2x.png */,
				260FDE511A1D819800B28326 /* selectTabbar_bg_all1.png */,
				260FDE521A1D819800B28326 /* selectTabbar_bg_all1@2x.png */,
				260FDE531A1D819800B28326 /* tab_bg_all.png */,
				260FDE541A1D819800B28326 /* tab_bg_all@2x.png */,
				260FDE551A1D819800B28326 /* yellow@2x.png */,
			);
			name = "全局";
			sourceTree = "<group>";
		};
		262CF7CE1A1C4B7C000C51F2 /* 首页 */ = {
			isa = PBXGroup;
			children = (
				260FDE2C1A1D816A00B28326 /* exchange_bg_home@2x.png */,
				260FDE2D1A1D816A00B28326 /* indexBG_home@2x.png */,
				260FDE2E1A1D816A00B28326 /* list_home.png */,
				260FDE2F1A1D816A00B28326 /* list_home@2x.png */,
				260FDE301A1D816A00B28326 /* movie_home.png */,
				260FDE311A1D816A00B28326 /* movie_home@2x.png */,
				260FDE321A1D816A00B28326 /* movie_select_home.png */,
				260FDE331A1D816A00B28326 /* movie_select_home@2x.png */,
				260FDE341A1D816A00B28326 /* poster_home.png */,
				260FDE351A1D816A00B28326 /* poster_home@2x.png */,
				260FDE361A1D816A00B28326 /* poster_title_home.png */,
				260FDE371A1D816A00B28326 /* poster_title_home@2x.png */,
				260FDE381A1D816A00B28326 /* tableView_line_home@2x.png */,
			);
			name = "首页";
			sourceTree = "<group>";
		};
		262CF7CF1A1C4B84000C51F2 /* 电影 */ = {
			isa = PBXGroup;
			children = (
				260FDE241A1D812C00B28326 /* icon_cinema.png */,
				260FDE251A1D812C00B28326 /* icon_cinema@2x.png */,
				260FDE261A1D812C00B28326 /* movie_cinema.png */,
				260FDE271A1D812C00B28326 /* movie_cinema@2x.png */,
			);
			name = "电影";
			sourceTree = "<group>";
		};
		262CF7D01A1C4B8C000C51F2 /* 更多 */ = {
			isa = PBXGroup;
			children = (
				260FDE1C1A1D80A700B28326 /* more_select_setting.png */,
				260FDE1D1A1D80A700B28326 /* more_select_setting@2x.png */,
				260FDE1E1A1D80A700B28326 /* more_setting.png */,
				260FDE1F1A1D80A700B28326 /* more_setting@2x.png */,
			);
			name = "更多";
			sourceTree = "<group>";
		};
		262CF7D11A1C4BA8000C51F2 /* 新闻 */ = {
			isa = PBXGroup;
			children = (
				260FDE0A1A1D801A00B28326 /* msg_new.png */,
				260FDE0B1A1D801A00B28326 /* msg_new@2x.png */,
				260FDE0C1A1D801A00B28326 /* msg_select_new.png */,
				260FDE0D1A1D801A00B28326 /* msg_select_new@2x.png */,
				260FDE0E1A1D801A00B28326 /* scspxw.png */,
				260FDE0F1A1D801A00B28326 /* scspxw@2x.png */,
				260FDE101A1D801A00B28326 /* sctpxw.png */,
				260FDE111A1D801A00B28326 /* sctpxw@2x.png */,
				260FDE121A1D801A00B28326 /* selectImage.png */,
			);
			name = "新闻";
			sourceTree = "<group>";
		};
		262CF7D21A1C4BCF000C51F2 /* More */ = {
			isa = PBXGroup;
			children = (
				262CF83C1A1C4E3C000C51F2 /* MoreViewController.h */,
				262CF83D1A1C4E3C000C51F2 /* MoreViewController.m */,
			);
			name = More;
			sourceTree = "<group>";
		};
		262CF7D31A1C4BD5000C51F2 /* USA */ = {
			isa = PBXGroup;
			children = (
				262CF8301A1C4DDD000C51F2 /* USAViewController.h */,
				262CF8311A1C4DDD000C51F2 /* USAViewController.m */,
			);
			name = USA;
			sourceTree = "<group>";
		};
		262CF7D41A1C4BE0000C51F2 /* Top */ = {
			isa = PBXGroup;
			children = (
				262CF8331A1C4DF9000C51F2 /* TopViewController.h */,
				262CF8341A1C4DF9000C51F2 /* TopViewController.m */,
			);
			name = Top;
			sourceTree = "<group>";
		};
		262CF7D51A1C4C01000C51F2 /* Cinema */ = {
			isa = PBXGroup;
			children = (
				262CF8361A1C4E0F000C51F2 /* CinemaViewController.h */,
				262CF8371A1C4E0F000C51F2 /* CinemaViewController.m */,
			);
			name = Cinema;
			sourceTree = "<group>";
		};
		262CF7D61A1C4C44000C51F2 /* News */ = {
			isa = PBXGroup;
			children = (
				262CF8391A1C4E22000C51F2 /* NewsViewController.h */,
				262CF83A1A1C4E22000C51F2 /* NewsViewController.m */,
			);
			name = News;
			sourceTree = "<group>";
		};
		262CF8461A1CB590000C51F2 /* util */ = {
			isa = PBXGroup;
			children = (
				262CF8471A1CB5E9000C51F2 /* UIViewExt.h */,
				262CF8481A1CB5E9000C51F2 /* UIViewExt.m */,
			);
			name = util;
			sourceTree = "<group>";
		};
		2671B3CF1A36FA9300C0CE0B /* Model */ = {
			isa = PBXGroup;
			children = (
				2671B3D01A36FAD100C0CE0B /* MovieModel.h */,
				2671B3D11A36FAD100C0CE0B /* MovieModel.m */,
			);
			name = Model;
			sourceTree = "<group>";
		};
		26A644081A2EB7B900E84C18 /* data */ = {
			isa = PBXGroup;
			children = (
				26A644191A2EF77100E84C18 /* NorthUSA.json */,
				26A6440E1A2EB87800E84C18 /* test.json */,
			);
			name = data;
			sourceTree = "<group>";
		};
		26A644101A2EBA9500E84C18 /* network */ = {
			isa = PBXGroup;
			children = (
				26A644111A2EBAFF00E84C18 /* NetworkService.h */,
				26A644121A2EBAFF00E84C18 /* NetworkService.m */,
			);
			name = network;
			sourceTree = "<group>";
		};
		26A644141A2EC52E00E84C18 /* openSource */ = {
			isa = PBXGroup;
			children = (
				26A644151A2EC58500E84C18 /* JSONKit.h */,
				26A644161A2EC58500E84C18 /* JSONKit.m */,
			);
			name = openSource;
			sourceTree = "<group>";
		};
/* End PBXGroup section */

/* Begin PBXNativeTarget section */
		262CF7A11A1C49D3000C51F2 /* iMovieApp */ = {
			isa = PBXNativeTarget;
			buildConfigurationList = 262CF7C51A1C49D3000C51F2 /* Build configuration list for PBXNativeTarget "iMovieApp" */;
			buildPhases = (
				262CF79E1A1C49D3000C51F2 /* Sources */,
				262CF79F1A1C49D3000C51F2 /* Frameworks */,
				262CF7A01A1C49D3000C51F2 /* Resources */,
			);
			buildRules = (
			);
			dependencies = (
			);
			name = iMovieApp;
			productName = iMovieApp;
			productReference = 262CF7A21A1C49D3000C51F2 /* iMovieApp.app */;
			productType = "com.apple.product-type.application";
		};
		262CF7BA1A1C49D3000C51F2 /* iMovieAppTests */ = {
			isa = PBXNativeTarget;
			buildConfigurationList = 262CF7C81A1C49D3000C51F2 /* Build configuration list for PBXNativeTarget "iMovieAppTests" */;
			buildPhases = (
				262CF7B71A1C49D3000C51F2 /* Sources */,
				262CF7B81A1C49D3000C51F2 /* Frameworks */,
				262CF7B91A1C49D3000C51F2 /* Resources */,
			);
			buildRules = (
			);
			dependencies = (
				262CF7BD1A1C49D3000C51F2 /* PBXTargetDependency */,
			);
			name = iMovieAppTests;
			productName = iMovieAppTests;
			productReference = 262CF7BB1A1C49D3000C51F2 /* iMovieAppTests.xctest */;
			productType = "com.apple.product-type.bundle.unit-test";
		};
/* End PBXNativeTarget section */

/* Begin PBXProject section */
		262CF79A1A1C49D3000C51F2 /* Project object */ = {
			isa = PBXProject;
			attributes = {
				LastUpgradeCheck = 0610;
				ORGANIZATIONNAME = ShayneChow;
				TargetAttributes = {
					262CF7A11A1C49D3000C51F2 = {
						CreatedOnToolsVersion = 6.1;
					};
					262CF7BA1A1C49D3000C51F2 = {
						CreatedOnToolsVersion = 6.1;
						TestTargetID = 262CF7A11A1C49D3000C51F2;
					};
				};
			};
			buildConfigurationList = 262CF79D1A1C49D3000C51F2 /* Build configuration list for PBXProject "iMovieApp" */;
			compatibilityVersion = "Xcode 3.2";
			developmentRegion = English;
			hasScannedForEncodings = 0;
			knownRegions = (
				en,
				Base,
			);
			mainGroup = 262CF7991A1C49D3000C51F2;
			productRefGroup = 262CF7A31A1C49D3000C51F2 /* Products */;
			projectDirPath = "";
			projectRoot = "";
			targets = (
				262CF7A11A1C49D3000C51F2 /* iMovieApp */,
				262CF7BA1A1C49D3000C51F2 /* iMovieAppTests */,
			);
		};
/* End PBXProject section */

/* Begin PBXResourcesBuildPhase section */
		262CF7A01A1C49D3000C51F2 /* Resources */ = {
			isa = PBXResourcesBuildPhase;
			buildActionMask = 2147483647;
			files = (
				262CF7B11A1C49D3000C51F2 /* Main.storyboard in Resources */,
				260FDE1B1A1D801A00B28326 /* selectImage.png in Resources */,
				260FDE651A1D819800B28326 /* yellow@2x.png in Resources */,
				260FDE281A1D812C00B28326 /* icon_cinema.png in Resources */,
				260FDE571A1D819800B28326 /* Default-568h@2x.png in Resources */,
				260FDE181A1D801A00B28326 /* scspxw@2x.png in Resources */,
				260FDE211A1D80A700B28326 /* more_select_setting@2x.png in Resources */,
				26A6441A1A2EF77100E84C18 /* NorthUSA.json in Resources */,
				262CF7B61A1C49D3000C51F2 /* LaunchScreen.xib in Resources */,
				260FDE411A1D816A00B28326 /* poster_home.png in Resources */,
				260FDE3F1A1D816A00B28326 /* movie_select_home.png in Resources */,
				260FDE431A1D816A00B28326 /* poster_title_home.png in Resources */,
				260FDE451A1D816A00B28326 /* tableView_line_home@2x.png in Resources */,
				260FDE681A1D81B800B28326 /* star_top100@2x.png in Resources */,
				260FDE691A1D81B800B28326 /* start_top100.png in Resources */,
				260FDE581A1D819800B28326 /* Default.png in Resources */,
				260FDE141A1D801A00B28326 /* msg_new@2x.png in Resources */,
				260FDE3C1A1D816A00B28326 /* list_home@2x.png in Resources */,
				260FDE171A1D801A00B28326 /* scspxw.png in Resources */,
				260FDE601A1D819800B28326 /* selectTabbar_bg_all@2x.png in Resources */,
				260FDE401A1D816A00B28326 /* movie_select_home@2x.png in Resources */,
				260FDE6D1A1D83FA00B28326 /* icon@2x.png in Resources */,
				260FDE231A1D80A700B28326 /* more_setting@2x.png in Resources */,
				260FDE641A1D819800B28326 /* tab_bg_all@2x.png in Resources */,
				260FDE3D1A1D816A00B28326 /* movie_home.png in Resources */,
				260FDE5A1A1D819800B28326 /* gray@2x.png in Resources */,
				26A6440F1A2EB87800E84C18 /* test.json in Resources */,
				260FDE191A1D801A00B28326 /* sctpxw.png in Resources */,
				260FDE2A1A1D812C00B28326 /* movie_cinema.png in Resources */,
				260FDE2B1A1D812C00B28326 /* movie_cinema@2x.png in Resources */,
				260FDE3A1A1D816A00B28326 /* indexBG_home@2x.png in Resources */,
				260FDE151A1D801A00B28326 /* msg_select_new.png in Resources */,
				260FDE1A1A1D801A00B28326 /* sctpxw@2x.png in Resources */,
				260FDE391A1D816A00B28326 /* exchange_bg_home@2x.png in Resources */,
				260FDE161A1D801A00B28326 /* msg_select_new@2x.png in Resources */,
				260FDE421A1D816A00B28326 /* poster_home@2x.png in Resources */,
				260FDE221A1D80A700B28326 /* more_setting.png in Resources */,
				260FDE591A1D819800B28326 /* Default@2x.png in Resources */,
				260FDE201A1D80A700B28326 /* more_select_setting.png in Resources */,
				260FDE5D1A1D819800B28326 /* nav_bg_all.png in Resources */,
				260FDE131A1D801A00B28326 /* msg_new.png in Resources */,
				260FDE621A1D819800B28326 /* selectTabbar_bg_all1@2x.png in Resources */,
				262CF7B31A1C49D3000C51F2 /* Images.xcassets in Resources */,
				260FDE611A1D819800B28326 /* selectTabbar_bg_all1.png in Resources */,
				260FDE291A1D812C00B28326 /* icon_cinema@2x.png in Resources */,
				260FDE5F1A1D819800B28326 /* selectTabbar_bg_all.png in Resources */,
				260FDE631A1D819800B28326 /* tab_bg_all.png in Resources */,
				260FDE561A1D819800B28326 /* bg_main@2x.png in Resources */,
				260FDE3B1A1D816A00B28326 /* list_home.png in Resources */,
				260FDE6C1A1D83FA00B28326 /* icon.png in Resources */,
				260FDE441A1D816A00B28326 /* poster_title_home@2x.png in Resources */,
				260FDE3E1A1D816A00B28326 /* movie_home@2x.png in Resources */,
				260FDE5E1A1D819800B28326 /* nav_bg_all@2x.png in Resources */,
			);
			runOnlyForDeploymentPostprocessing = 0;
		};
		262CF7B91A1C49D3000C51F2 /* Resources */ = {
			isa = PBXResourcesBuildPhase;
			buildActionMask = 2147483647;
			files = (
			);
			runOnlyForDeploymentPostprocessing = 0;
		};
/* End PBXResourcesBuildPhase section */

/* Begin PBXSourcesBuildPhase section */
		262CF79E1A1C49D3000C51F2 /* Sources */ = {
			isa = PBXSourcesBuildPhase;
			buildActionMask = 2147483647;
			files = (
				262CF8351A1C4DF9000C51F2 /* TopViewController.m in Sources */,
				262CF83E1A1C4E3C000C51F2 /* MoreViewController.m in Sources */,
				262CF8491A1CB5E9000C51F2 /* UIViewExt.m in Sources */,
				260FDE701A1D8B9500B28326 /* ItemView.m in Sources */,
				262CF8381A1C4E0F000C51F2 /* CinemaViewController.m in Sources */,
				262CF7AE1A1C49D3000C51F2 /* ViewController.m in Sources */,
				262CF8441A1C8C7A000C51F2 /* BaseNavigationController.m in Sources */,
				262CF8411A1C5291000C51F2 /* MainViewController.m in Sources */,
				262CF7AB1A1C49D3000C51F2 /* AppDelegate.m in Sources */,
				26A644131A2EBAFF00E84C18 /* NetworkService.m in Sources */,
				262CF8321A1C4DDD000C51F2 /* USAViewController.m in Sources */,
				262CF7A81A1C49D3000C51F2 /* main.m in Sources */,
				26A644171A2EC58500E84C18 /* JSONKit.m in Sources */,
				2671B3D21A36FAD100C0CE0B /* MovieModel.m in Sources */,
				262CF83B1A1C4E22000C51F2 /* NewsViewController.m in Sources */,
			);
			runOnlyForDeploymentPostprocessing = 0;
		};
		262CF7B71A1C49D3000C51F2 /* Sources */ = {
			isa = PBXSourcesBuildPhase;
			buildActionMask = 2147483647;
			files = (
			);
			runOnlyForDeploymentPostprocessing = 0;
		};
/* End PBXSourcesBuildPhase section */

/* Begin PBXTargetDependency section */
		262CF7BD1A1C49D3000C51F2 /* PBXTargetDependency */ = {
			isa = PBXTargetDependency;
			target = 262CF7A11A1C49D3000C51F2 /* iMovieApp */;
			targetProxy = 262CF7BC1A1C49D3000C51F2 /* PBXContainerItemProxy */;
		};
/* End PBXTargetDependency section */

/* Begin PBXVariantGroup section */
		262CF7AF1A1C49D3000C51F2 /* Main.storyboard */ = {
			isa = PBXVariantGroup;
			children = (
				262CF7B01A1C49D3000C51F2 /* Base */,
			);
			name = Main.storyboard;
			sourceTree = "<group>";
		};
		262CF7B41A1C49D3000C51F2 /* LaunchScreen.xib */ = {
			isa = PBXVariantGroup;
			children = (
				262CF7B51A1C49D3000C51F2 /* Base */,
			);
			name = LaunchScreen.xib;
			sourceTree = "<group>";
		};
/* End PBXVariantGroup section */

/* Begin XCBuildConfiguration section */
		262CF7C31A1C49D3000C51F2 /* Debug */ = {
			isa = XCBuildConfiguration;
			buildSettings = {
				ALWAYS_SEARCH_USER_PATHS = NO;
				CLANG_CXX_LANGUAGE_STANDARD = "gnu++0x";
				CLANG_CXX_LIBRARY = "libc++";
				CLANG_ENABLE_MODULES = YES;
				CLANG_ENABLE_OBJC_ARC = YES;
				CLANG_WARN_BOOL_CONVERSION = YES;
				CLANG_WARN_CONSTANT_CONVERSION = YES;
				CLANG_WARN_DIRECT_OBJC_ISA_USAGE = YES_ERROR;
				CLANG_WARN_EMPTY_BODY = YES;
				CLANG_WARN_ENUM_CONVERSION = YES;
				CLANG_WARN_INT_CONVERSION = YES;
				CLANG_WARN_OBJC_ROOT_CLASS = YES_ERROR;
				CLANG_WARN_UNREACHABLE_CODE = YES;
				CLANG_WARN__DUPLICATE_METHOD_MATCH = YES;
				"CODE_SIGN_IDENTITY[sdk=iphoneos*]" = "iPhone Developer";
				COPY_PHASE_STRIP = NO;
				ENABLE_STRICT_OBJC_MSGSEND = YES;
				GCC_C_LANGUAGE_STANDARD = gnu99;
				GCC_DYNAMIC_NO_PIC = NO;
				GCC_OPTIMIZATION_LEVEL = 0;
				GCC_PREPROCESSOR_DEFINITIONS = (
					"DEBUG=1",
					"$(inherited)",
				);
				GCC_SYMBOLS_PRIVATE_EXTERN = NO;
				GCC_WARN_64_TO_32_BIT_CONVERSION = YES;
				GCC_WARN_ABOUT_RETURN_TYPE = YES_ERROR;
				GCC_WARN_UNDECLARED_SELECTOR = YES;
				GCC_WARN_UNINITIALIZED_AUTOS = YES_AGGRESSIVE;
				GCC_WARN_UNUSED_FUNCTION = YES;
				GCC_WARN_UNUSED_VARIABLE = YES;
				IPHONEOS_DEPLOYMENT_TARGET = 8.1;
				MTL_ENABLE_DEBUG_INFO = YES;
				ONLY_ACTIVE_ARCH = YES;
				SDKROOT = iphoneos;
			};
			name = Debug;
		};
		262CF7C41A1C49D3000C51F2 /* Release */ = {
			isa = XCBuildConfiguration;
			buildSettings = {
				ALWAYS_SEARCH_USER_PATHS = NO;
				CLANG_CXX_LANGUAGE_STANDARD = "gnu++0x";
				CLANG_CXX_LIBRARY = "libc++";
				CLANG_ENABLE_MODULES = YES;
				CLANG_ENABLE_OBJC_ARC = YES;
				CLANG_WARN_BOOL_CONVERSION = YES;
				CLANG_WARN_CONSTANT_CONVERSION = YES;
				CLANG_WARN_DIRECT_OBJC_ISA_USAGE = YES_ERROR;
				CLANG_WARN_EMPTY_BODY = YES;
				CLANG_WARN_ENUM_CONVERSION = YES;
				CLANG_WARN_INT_CONVERSION = YES;
				CLANG_WARN_OBJC_ROOT_CLASS = YES_ERROR;
				CLANG_WARN_UNREACHABLE_CODE = YES;
				CLANG_WARN__DUPLICATE_METHOD_MATCH = YES;
				"CODE_SIGN_IDENTITY[sdk=iphoneos*]" = "iPhone Developer";
				COPY_PHASE_STRIP = YES;
				ENABLE_NS_ASSERTIONS = NO;
				ENABLE_STRICT_OBJC_MSGSEND = YES;
				GCC_C_LANGUAGE_STANDARD = gnu99;
				GCC_WARN_64_TO_32_BIT_CONVERSION = YES;
				GCC_WARN_ABOUT_RETURN_TYPE = YES_ERROR;
				GCC_WARN_UNDECLARED_SELECTOR = YES;
				GCC_WARN_UNINITIALIZED_AUTOS = YES_AGGRESSIVE;
				GCC_WARN_UNUSED_FUNCTION = YES;
				GCC_WARN_UNUSED_VARIABLE = YES;
				IPHONEOS_DEPLOYMENT_TARGET = 8.1;
				MTL_ENABLE_DEBUG_INFO = NO;
				SDKROOT = iphoneos;
				VALIDATE_PRODUCT = YES;
			};
			name = Release;
		};
		262CF7C61A1C49D3000C51F2 /* Debug */ = {
			isa = XCBuildConfiguration;
			buildSettings = {
				ASSETCATALOG_COMPILER_APPICON_NAME = AppIcon;
				INFOPLIST_FILE = iMovieApp/Info.plist;
				LD_RUNPATH_SEARCH_PATHS = "$(inherited) @executable_path/Frameworks";
				PRODUCT_NAME = "$(TARGET_NAME)";
			};
			name = Debug;
		};
		262CF7C71A1C49D3000C51F2 /* Release */ = {
			isa = XCBuildConfiguration;
			buildSettings = {
				ASSETCATALOG_COMPILER_APPICON_NAME = AppIcon;
				INFOPLIST_FILE = iMovieApp/Info.plist;
				LD_RUNPATH_SEARCH_PATHS = "$(inherited) @executable_path/Frameworks";
				PRODUCT_NAME = "$(TARGET_NAME)";
			};
			name = Release;
		};
		262CF7C91A1C49D3000C51F2 /* Debug */ = {
			isa = XCBuildConfiguration;
			buildSettings = {
				BUNDLE_LOADER = "$(TEST_HOST)";
				FRAMEWORK_SEARCH_PATHS = (
					"$(SDKROOT)/Developer/Library/Frameworks",
					"$(inherited)",
				);
				GCC_PREPROCESSOR_DEFINITIONS = (
					"DEBUG=1",
					"$(inherited)",
				);
				INFOPLIST_FILE = iMovieAppTests/Info.plist;
				LD_RUNPATH_SEARCH_PATHS = "$(inherited) @executable_path/Frameworks @loader_path/Frameworks";
				PRODUCT_NAME = "$(TARGET_NAME)";
				TEST_HOST = "$(BUILT_PRODUCTS_DIR)/iMovieApp.app/iMovieApp";
			};
			name = Debug;
		};
		262CF7CA1A1C49D3000C51F2 /* Release */ = {
			isa = XCBuildConfiguration;
			buildSettings = {
				BUNDLE_LOADER = "$(TEST_HOST)";
				FRAMEWORK_SEARCH_PATHS = (
					"$(SDKROOT)/Developer/Library/Frameworks",
					"$(inherited)",
				);
				INFOPLIST_FILE = iMovieAppTests/Info.plist;
				LD_RUNPATH_SEARCH_PATHS = "$(inherited) @executable_path/Frameworks @loader_path/Frameworks";
				PRODUCT_NAME = "$(TARGET_NAME)";
				TEST_HOST = "$(BUILT_PRODUCTS_DIR)/iMovieApp.app/iMovieApp";
			};
			name = Release;
		};
/* End XCBuildConfiguration section */

/* Begin XCConfigurationList section */
		262CF79D1A1C49D3000C51F2 /* Build configuration list for PBXProject "iMovieApp" */ = {
			isa = XCConfigurationList;
			buildConfigurations = (
				262CF7C31A1C49D3000C51F2 /* Debug */,
				262CF7C41A1C49D3000C51F2 /* Release */,
			);
			defaultConfigurationIsVisible = 0;
			defaultConfigurationName = Release;
		};
		262CF7C51A1C49D3000C51F2 /* Build configuration list for PBXNativeTarget "iMovieApp" */ = {
			isa = XCConfigurationList;
			buildConfigurations = (
				262CF7C61A1C49D3000C51F2 /* Debug */,
				262CF7C71A1C49D3000C51F2 /* Release */,
			);
			defaultConfigurationIsVisible = 0;
			defaultConfigurationName = Release;
		};
		262CF7C81A1C49D3000C51F2 /* Build configuration list for PBXNativeTarget "iMovieAppTests" */ = {
			isa = XCConfigurationList;
			buildConfigurations = (
				262CF7C91A1C49D3000C51F2 /* Debug */,
				262CF7CA1A1C49D3000C51F2 /* Release */,
			);
			defaultConfigurationIsVisible = 0;
			defaultConfigurationName = Release;
		};
/* End XCConfigurationList section */
	};
	rootObject = 262CF79A1A1C49D3000C51F2 /* Project object */;
}
